// !$*UTF8*$!
{
	archiveVersion = 1;
	classes = {
	};
	objectVersion = 46;
	objects = {

/* Begin PBXBuildFile section */
		1586C9291E70675E00C04EDC /* PlaySoundsViewController.swift in Sources */ = {isa = PBXBuildFile; fileRef = 1586C9281E70675E00C04EDC /* PlaySoundsViewController.swift */; };
		1586C92B1E70771800C04EDC /* playsoundsviewcontroller-audio.swift in Sources */ = {isa = PBXBuildFile; fileRef = 1586C92A1E70771800C04EDC /* playsoundsviewcontroller-audio.swift */; };
		158A40E01E70482600C823B7 /* AppDelegate.swift in Sources */ = {isa = PBXBuildFile; fileRef = 158A40DF1E70482600C823B7 /* AppDelegate.swift */; };
		158A40E21E70482600C823B7 /* RecordSoundsViewController.swift in Sources */ = {isa = PBXBuildFile; fileRef = 158A40E11E70482600C823B7 /* RecordSoundsViewController.swift */; };
		158A40E51E70482600C823B7 /* Main.storyboard in Resources */ = {isa = PBXBuildFile; fileRef = 158A40E31E70482600C823B7 /* Main.storyboard */; settings = {ASSET_TAGS = (0, ); }; };
		158A40E71E70482600C823B7 /* Assets.xcassets in Resources */ = {isa = PBXBuildFile; fileRef = 158A40E61E70482600C823B7 /* Assets.xcassets */; };
		158A40EA1E70482600C823B7 /* LaunchScreen.storyboard in Resources */ = {isa = PBXBuildFile; fileRef = 158A40E81E70482600C823B7 /* LaunchScreen.storyboard */; };
/* End PBXBuildFile section */

/* Begin PBXContainerItemProxy section */
		158A40F11E70482600C823B7 /* PBXContainerItemProxy */ = {
			isa = PBXContainerItemProxy;
			containerPortal = 158A40D41E70482600C823B7 /* Project object */;
			proxyType = 1;
			remoteGlobalIDString = 158A40DB1E70482600C823B7;
			remoteInfo = PitchPerfect;
		};
		158A40FC1E70482600C823B7 /* PBXContainerItemProxy */ = {
			isa = PBXContainerItemProxy;
			containerPortal = 158A40D41E70482600C823B7 /* Project object */;
			proxyType = 1;
			remoteGlobalIDString = 158A40DB1E70482600C823B7;
			remoteInfo = PitchPerfect;
		};
/* End PBXContainerItemProxy section */

/* Begin PBXFileReference section */
		1586C9281E70675E00C04EDC /* PlaySoundsViewController.swift */ = {isa = PBXFileReference; fileEncoding = 4; lastKnownFileType = sourcecode.swift; path = PlaySoundsViewController.swift; sourceTree = "<group>"; };
		1586C92A1E70771800C04EDC /* playsoundsviewcontroller-audio.swift */ = {isa = PBXFileReference; fileEncoding = 4; lastKnownFileType = sourcecode.swift; name = "playsoundsviewcontroller-audio.swift"; path = "../../../Downloads/playsoundsviewcontroller-audio.swift"; sourceTree = "<group>"; };
		158A40DC1E70482600C823B7 /* PitchPerfect.app */ = {isa = PBXFileReference; explicitFileType = wrapper.application; includeInIndex = 0; path = PitchPerfect.app; sourceTree = BUILT_PRODUCTS_DIR; };
		158A40DF1E70482600C823B7 /* AppDelegate.swift */ = {isa = PBXFileReference; lastKnownFileType = sourcecode.swift; path = AppDelegate.swift; sourceTree = "<group>"; };
		158A40E11E70482600C823B7 /* RecordSoundsViewController.swift */ = {isa = PBXFileReference; lastKnownFileType = sourcecode.swift; path = RecordSoundsViewController.swift; sourceTree = "<group>"; };
		158A40E41E70482600C823B7 /* Base */ = {isa = PBXFileReference; lastKnownFileType = file.storyboard; name = Base; path = Base.lproj/Main.storyboard; sourceTree = "<group>"; };
		158A40E61E70482600C823B7 /* Assets.xcassets */ = {isa = PBXFileReference; lastKnownFileType = folder.assetcatalog; path = Assets.xcassets; sourceTree = "<group>"; };
		158A40E91E70482600C823B7 /* Base */ = {isa = PBXFileReference; lastKnownFileType = file.storyboard; name = Base; path = Base.lproj/LaunchScreen.storyboard; sourceTree = "<group>"; };
		158A40EB1E70482600C823B7 /* Info.plist */ = {isa = PBXFileReference; lastKnownFileType = text.plist.xml; path = Info.plist; sourceTree = "<group>"; };
		158A40F01E70482600C823B7 /* PitchPerfectTests.xctest */ = {isa = PBXFileReference; explicitFileType = wrapper.cfbundle; includeInIndex = 0; path = PitchPerfectTests.xctest; sourceTree = BUILT_PRODUCTS_DIR; };
		158A40FB1E70482600C823B7 /* PitchPerfectUITests.xctest */ = {isa = PBXFileReference; explicitFileType = wrapper.cfbundle; includeInIndex = 0; path = PitchPerfectUITests.xctest; sourceTree = BUILT_PRODUCTS_DIR; };
/* End PBXFileReference section */

/* Begin PBXFrameworksBuildPhase section */
		158A40D91E70482600C823B7 /* Frameworks */ = {
			isa = PBXFrameworksBuildPhase;
			buildActionMask = 2147483647;
			files = (
			);
			runOnlyForDeploymentPostprocessing = 0;
		};
		158A40ED1E70482600C823B7 /* Frameworks */ = {
			isa = PBXFrameworksBuildPhase;
			buildActionMask = 2147483647;
			files = (
			);
			runOnlyForDeploymentPostprocessing = 0;
		};
		158A40F81E70482600C823B7 /* Frameworks */ = {
			isa = PBXFrameworksBuildPhase;
			buildActionMask = 2147483647;
			files = (
			);
			runOnlyForDeploymentPostprocessing = 0;
		};
/* End PBXFrameworksBuildPhase section */

/* Begin PBXGroup section */
		158A40D31E70482600C823B7 = {
			isa = PBXGroup;
			children = (
				158A40DE1E70482600C823B7 /* PitchPerfect */,
				158A40DD1E70482600C823B7 /* Products */,
			);
			sourceTree = "<group>";
		};
		158A40DD1E70482600C823B7 /* Products */ = {
			isa = PBXGroup;
			children = (
				158A40DC1E70482600C823B7 /* PitchPerfect.app */,
				158A40F01E70482600C823B7 /* PitchPerfectTests.xctest */,
				158A40FB1E70482600C823B7 /* PitchPerfectUITests.xctest */,
			);
			name = Products;
			sourceTree = "<group>";
		};
		158A40DE1E70482600C823B7 /* PitchPerfect */ = {
			isa = PBXGroup;
			children = (
				158A40DF1E70482600C823B7 /* AppDelegate.swift */,
				158A40E11E70482600C823B7 /* RecordSoundsViewController.swift */,
				158A40E31E70482600C823B7 /* Main.storyboard */,
				1586C92A1E70771800C04EDC /* playsoundsviewcontroller-audio.swift */,
				158A40E61E70482600C823B7 /* Assets.xcassets */,
				158A40E81E70482600C823B7 /* LaunchScreen.storyboard */,
				158A40EB1E70482600C823B7 /* Info.plist */,
				1586C9281E70675E00C04EDC /* PlaySoundsViewController.swift */,
			);
			path = PitchPerfect;
			sourceTree = "<group>";
		};
/* End PBXGroup section */

/* Begin PBXNativeTarget section */
		158A40DB1E70482600C823B7 /* PitchPerfect */ = {
			isa = PBXNativeTarget;
			buildConfigurationList = 158A41041E70482600C823B7 /* Build configuration list for PBXNativeTarget "PitchPerfect" */;
			buildPhases = (
				158A40D81E70482600C823B7 /* Sources */,
				158A40D91E70482600C823B7 /* Frameworks */,
				158A40DA1E70482600C823B7 /* Resources */,
			);
			buildRules = (
			);
			dependencies = (
			);
			name = PitchPerfect;
			productName = PitchPerfect;
			productReference = 158A40DC1E70482600C823B7 /* PitchPerfect.app */;
			productType = "com.apple.product-type.application";
		};
		158A40EF1E70482600C823B7 /* PitchPerfectTests */ = {
			isa = PBXNativeTarget;
			buildConfigurationList = 158A41071E70482600C823B7 /* Build configuration list for PBXNativeTarget "PitchPerfectTests" */;
			buildPhases = (
				158A40EC1E70482600C823B7 /* Sources */,
				158A40ED1E70482600C823B7 /* Frameworks */,
				158A40EE1E70482600C823B7 /* Resources */,
			);
			buildRules = (
			);
			dependencies = (
				158A40F21E70482600C823B7 /* PBXTargetDependency */,
			);
			name = PitchPerfectTests;
			productName = PitchPerfectTests;
			productReference = 158A40F01E70482600C823B7 /* PitchPerfectTests.xctest */;
			productType = "com.apple.product-type.bundle.unit-test";
		};
		158A40FA1E70482600C823B7 /* PitchPerfectUITests */ = {
			isa = PBXNativeTarget;
			buildConfigurationList = 158A410A1E70482600C823B7 /* Build configuration list for PBXNativeTarget "PitchPerfectUITests" */;
			buildPhases = (
				158A40F71E70482600C823B7 /* Sources */,
				158A40F81E70482600C823B7 /* Frameworks */,
				158A40F91E70482600C823B7 /* Resources */,
			);
			buildRules = (
			);
			dependencies = (
				158A40FD1E70482600C823B7 /* PBXTargetDependency */,
			);
			name = PitchPerfectUITests;
			productName = PitchPerfectUITests;
			productReference = 158A40FB1E70482600C823B7 /* PitchPerfectUITests.xctest */;
			productType = "com.apple.product-type.bundle.ui-testing";
		};
/* End PBXNativeTarget section */

/* Begin PBXProject section */
		158A40D41E70482600C823B7 /* Project object */ = {
			isa = PBXProject;
			attributes = {
				KnownAssetTags = (
					0,
				);
				LastSwiftUpdateCheck = 0820;
				LastUpgradeCheck = 0820;
				ORGANIZATIONNAME = Francis;
				TargetAttributes = {
					158A40DB1E70482600C823B7 = {
						CreatedOnToolsVersion = 8.2.1;
						ProvisioningStyle = Automatic;
					};
					158A40EF1E70482600C823B7 = {
						CreatedOnToolsVersion = 8.2.1;
						ProvisioningStyle = Automatic;
						TestTargetID = 158A40DB1E70482600C823B7;
					};
					158A40FA1E70482600C823B7 = {
						CreatedOnToolsVersion = 8.2.1;
						ProvisioningStyle = Automatic;
						TestTargetID = 158A40DB1E70482600C823B7;
					};
				};
			};
			buildConfigurationList = 158A40D71E70482600C823B7 /* Build configuration list for PBXProject "PitchPerfect" */;
			compatibilityVersion = "Xcode 3.2";
			developmentRegion = English;
			hasScannedForEncodings = 0;
			knownRegions = (
				en,
				Base,
			);
			mainGroup = 158A40D31E70482600C823B7;
			productRefGroup = 158A40DD1E70482600C823B7 /* Products */;
			projectDirPath = "";
			projectRoot = "";
			targets = (
				158A40DB1E70482600C823B7 /* PitchPerfect */,
				158A40EF1E70482600C823B7 /* PitchPerfectTests */,
				158A40FA1E70482600C823B7 /* PitchPerfectUITests */,
			);
		};
/* End PBXProject section */

/* Begin PBXResourcesBuildPhase section */
		158A40DA1E70482600C823B7 /* Resources */ = {
			isa = PBXResourcesBuildPhase;
			buildActionMask = 2147483647;
			files = (
				158A40EA1E70482600C823B7 /* LaunchScreen.storyboard in Resources */,
				158A40E71E70482600C823B7 /* Assets.xcassets in Resources */,
				158A40E51E70482600C823B7 /* Main.storyboard in Resources */,
			);
			runOnlyForDeploymentPostprocessing = 0;
		};
		158A40EE1E70482600C823B7 /* Resources */ = {
			isa = PBXResourcesBuildPhase;
			buildActionMask = 2147483647;
			files = (
			);
			runOnlyForDeploymentPostprocessing = 0;
		};
		158A40F91E70482600C823B7 /* Resources */ = {
			isa = PBXResourcesBuildPhase;
			buildActionMask = 2147483647;
			files = (
			);
			runOnlyForDeploymentPostprocessing = 0;
		};
/* End PBXResourcesBuildPhase section */

/* Begin PBXSourcesBuildPhase section */
		158A40D81E70482600C823B7 /* Sources */ = {
			isa = PBXSourcesBuildPhase;
			buildActionMask = 2147483647;
			files = (
				158A40E21E70482600C823B7 /* RecordSoundsViewController.swift in Sources */,
				1586C9291E70675E00C04EDC /* PlaySoundsViewController.swift in Sources */,
				158A40E01E70482600C823B7 /* AppDelegate.swift in Sources */,
				1586C92B1E70771800C04EDC /* playsoundsviewcontroller-audio.swift in Sources */,
			);
			runOnlyForDeploymentPostprocessing = 0;
		};
		158A40EC1E70482600C823B7 /* Sources */ = {
			isa = PBXSourcesBuildPhase;
			buildActionMask = 2147483647;
			files = (
			);
			runOnlyForDeploymentPostprocessing = 0;
		};
		158A40F71E70482600C823B7 /* Sources */ = {
			isa = PBXSourcesBuildPhase;
			buildActionMask = 2147483647;
			files = (
			);
			runOnlyForDeploymentPostprocessing = 0;
		};
/* End PBXSourcesBuildPhase section */

/* Begin PBXTargetDependency section */
		158A40F21E70482600C823B7 /* PBXTargetDependency */ = {
			isa = PBXTargetDependency;
			target = 158A40DB1E70482600C823B7 /* PitchPerfect */;
			targetProxy = 158A40F11E70482600C823B7 /* PBXContainerItemProxy */;
		};
		158A40FD1E70482600C823B7 /* PBXTargetDependency */ = {
			isa = PBXTargetDependency;
			target = 158A40DB1E70482600C823B7 /* PitchPerfect */;
			targetProxy = 158A40FC1E70482600C823B7 /* PBXContainerItemProxy */;
		};
/* End PBXTargetDependency section */

/* Begin PBXVariantGroup section */
		158A40E31E70482600C823B7 /* Main.storyboard */ = {
			isa = PBXVariantGroup;
			children = (
				158A40E41E70482600C823B7 /* Base */,
			);
			name = Main.storyboard;
			sourceTree = "<group>";
		};
		158A40E81E70482600C823B7 /* LaunchScreen.storyboard */ = {
			isa = PBXVariantGroup;
			children = (
				158A40E91E70482600C823B7 /* Base */,
			);
			name = LaunchScreen.storyboard;
			sourceTree = "<group>";
		};
/* End PBXVariantGroup section */

/* Begin XCBuildConfiguration section */
		158A41021E70482600C823B7 /* Debug */ = {
			isa = XCBuildConfiguration;
			buildSettings = {
				ALWAYS_SEARCH_USER_PATHS = NO;
				CLANG_ANALYZER_NONNULL = YES;
				CLANG_CXX_LANGUAGE_STANDARD = "gnu++0x";
				CLANG_CXX_LIBRARY = "libc++";
				CLANG_ENABLE_MODULES = YES;
				CLANG_ENABLE_OBJC_ARC = YES;
				CLANG_WARN_BOOL_CONVERSION = YES;
				CLANG_WARN_CONSTANT_CONVERSION = YES;
				CLANG_WARN_DIRECT_OBJC_ISA_USAGE = YES_ERROR;
				CLANG_WARN_DOCUMENTATION_COMMENTS = YES;
				CLANG_WARN_EMPTY_BODY = YES;
				CLANG_WARN_ENUM_CONVERSION = YES;
				CLANG_WARN_INFINITE_RECURSION = YES;
				CLANG_WARN_INT_CONVERSION = YES;
				CLANG_WARN_OBJC_ROOT_CLASS = YES_ERROR;
				CLANG_WARN_SUSPICIOUS_MOVE = YES;
				CLANG_WARN_UNREACHABLE_CODE = YES;
				CLANG_WARN__DUPLICATE_METHOD_MATCH = YES;
				"CODE_SIGN_IDENTITY[sdk=iphoneos*]" = "iPhone Developer";
				COPY_PHASE_STRIP = NO;
				DEBUG_INFORMATION_FORMAT = dwarf;
				ENABLE_STRICT_OBJC_MSGSEND = YES;
				ENABLE_TESTABILITY = YES;
				GCC_C_LANGUAGE_STANDARD = gnu99;
				GCC_DYNAMIC_NO_PIC = NO;
				GCC_NO_COMMON_BLOCKS = YES;
				GCC_OPTIMIZATION_LEVEL = 0;
				GCC_PREPROCESSOR_DEFINITIONS = (
					"DEBUG=1",
					"$(inherited)",
				);
				GCC_WARN_64_TO_32_BIT_CONVERSION = YES;
				GCC_WARN_ABOUT_RETURN_TYPE = YES_ERROR;
				GCC_WARN_UNDECLARED_SELECTOR = YES;
				GCC_WARN_UNINITIALIZED_AUTOS = YES_AGGRESSIVE;
				GCC_WARN_UNUSED_FUNCTION = YES;
				GCC_WARN_UNUSED_VARIABLE = YES;
				IPHONEOS_DEPLOYMENT_TARGET = 10.2;
				MTL_ENABLE_DEBUG_INFO = YES;
				ONLY_ACTIVE_ARCH = YES;
				SDKROOT = iphoneos;
				SWIFT_ACTIVE_COMPILATION_CONDITIONS = DEBUG;
				SWIFT_OPTIMIZATION_LEVEL = "-Onone";
				TARGETED_DEVICE_FAMILY = "1,2";
			};
			name = Debug;
		};
		158A41031E70482600C823B7 /* Release */ = {
			isa = XCBuildConfiguration;
			buildSettings = {
				ALWAYS_SEARCH_USER_PATHS = NO;
				CLANG_ANALYZER_NONNULL = YES;
				CLANG_CXX_LANGUAGE_STANDARD = "gnu++0x";
				CLANG_CXX_LIBRARY = "libc++";
				CLANG_ENABLE_MODULES = YES;
				CLANG_ENABLE_OBJC_ARC = YES;
				CLANG_WARN_BOOL_CONVERSION = YES;
				CLANG_WARN_CONSTANT_CONVERSION = YES;
				CLANG_WARN_DIRECT_OBJC_ISA_USAGE = YES_ERROR;
				CLANG_WARN_DOCUMENTATION_COMMENTS = YES;
				CLANG_WARN_EMPTY_BODY = YES;
				CLANG_WARN_ENUM_CONVERSION = YES;
				CLANG_WARN_INFINITE_RECURSION = YES;
				CLANG_WARN_INT_CONVERSION = YES;
				CLANG_WARN_OBJC_ROOT_CLASS = YES_ERROR;
				CLANG_WARN_SUSPICIOUS_MOVE = YES;
				CLANG_WARN_UNREACHABLE_CODE = YES;
				CLANG_WARN__DUPLICATE_METHOD_MATCH = YES;
				"CODE_SIGN_IDENTITY[sdk=iphoneos*]" = "iPhone Developer";
				COPY_PHASE_STRIP = NO;
				DEBUG_INFORMATION_FORMAT = "dwarf-with-dsym";
				ENABLE_NS_ASSERTIONS = NO;
				ENABLE_STRICT_OBJC_MSGSEND = YES;
				GCC_C_LANGUAGE_STANDARD = gnu99;
				GCC_NO_COMMON_BLOCKS = YES;
				GCC_WARN_64_TO_32_BIT_CONVERSION = YES;
				GCC_WARN_ABOUT_RETURN_TYPE = YES_ERROR;
				GCC_WARN_UNDECLARED_SELECTOR = YES;
				GCC_WARN_UNINITIALIZED_AUTOS = YES_AGGRESSIVE;
				GCC_WARN_UNUSED_FUNCTION = YES;
				GCC_WARN_UNUSED_VARIABLE = YES;
				IPHONEOS_DEPLOYMENT_TARGET = 10.2;
				MTL_ENABLE_DEBUG_INFO = NO;
				SDKROOT = iphoneos;
				SWIFT_OPTIMIZATION_LEVEL = "-Owholemodule";
				TARGETED_DEVICE_FAMILY = "1,2";
				VALIDATE_PRODUCT = YES;
			};
			name = Release;
		};
		158A41051E70482600C823B7 /* Debug */ = {
			isa = XCBuildConfiguration;
			buildSettings = {
				ASSETCATALOG_COMPILER_APPICON_NAME = AppIcon;
				INFOPLIST_FILE = PitchPerfect/Info.plist;
				LD_RUNPATH_SEARCH_PATHS = "$(inherited) @executable_path/Frameworks";
				PRODUCT_BUNDLE_IDENTIFIER = com.Francis.PitchPerfect;
				PRODUCT_NAME = "$(TARGET_NAME)";
				SWIFT_VERSION = 3.0;
			};
			name = Debug;
		};
		158A41061E70482600C823B7 /* Release */ = {
			isa = XCBuildConfiguration;
			buildSettings = {
				ASSETCATALOG_COMPILER_APPICON_NAME = AppIcon;
				INFOPLIST_FILE = PitchPerfect/Info.plist;
				LD_RUNPATH_SEARCH_PATHS = "$(inherited) @executable_path/Frameworks";
				PRODUCT_BUNDLE_IDENTIFIER = com.Francis.PitchPerfect;
				PRODUCT_NAME = "$(TARGET_NAME)";
				SWIFT_VERSION = 3.0;
			};
			name = Release;
		};
		158A41081E70482600C823B7 /* Debug */ = {
			isa = XCBuildConfiguration;
			buildSettings = {
				ALWAYS_EMBED_SWIFT_STANDARD_LIBRARIES = YES;
				BUNDLE_LOADER = "$(TEST_HOST)";
				INFOPLIST_FILE = PitchPerfectTests/Info.plist;
				LD_RUNPATH_SEARCH_PATHS = "$(inherited) @executable_path/Frameworks @loader_path/Frameworks";
				PRODUCT_BUNDLE_IDENTIFIER = com.Francis.PitchPerfectTests;
				PRODUCT_NAME = "$(TARGET_NAME)";
				SWIFT_VERSION = 3.0;
				TEST_HOST = "$(BUILT_PRODUCTS_DIR)/PitchPerfect.app/PitchPerfect";
			};
			name = Debug;
		};
		158A41091E70482600C823B7 /* Release */ = {
			isa = XCBuildConfiguration;
			buildSettings = {
				ALWAYS_EMBED_SWIFT_STANDARD_LIBRARIES = YES;
				BUNDLE_LOADER = "$(TEST_HOST)";
				INFOPLIST_FILE = PitchPerfectTests/Info.plist;
				LD_RUNPATH_SEARCH_PATHS = "$(inherited) @executable_path/Frameworks @loader_path/Frameworks";
				PRODUCT_BUNDLE_IDENTIFIER = com.Francis.PitchPerfectTests;
				PRODUCT_NAME = "$(TARGET_NAME)";
				SWIFT_VERSION = 3.0;
				TEST_HOST = "$(BUILT_PRODUCTS_DIR)/PitchPerfect.app/PitchPerfect";
			};
			name = Release;
		};
		158A410B1E70482600C823B7 /* Debug */ = {
			isa = XCBuildConfiguration;
			buildSettings = {
				ALWAYS_EMBED_SWIFT_STANDARD_LIBRARIES = YES;
				INFOPLIST_FILE = PitchPerfectUITests/Info.plist;
				LD_RUNPATH_SEARCH_PATHS = "$(inherited) @executable_path/Frameworks @loader_path/Frameworks";
				PRODUCT_BUNDLE_IDENTIFIER = com.Francis.PitchPerfectUITests;
				PRODUCT_NAME = "$(TARGET_NAME)";
				SWIFT_VERSION = 3.0;
				TEST_TARGET_NAME = PitchPerfect;
			};
			name = Debug;
		};
		158A410C1E70482600C823B7 /* Release */ = {
			isa = XCBuildConfiguration;
			buildSettings = {
				ALWAYS_EMBED_SWIFT_STANDARD_LIBRARIES = YES;
				INFOPLIST_FILE = PitchPerfectUITests/Info.plist;
				LD_RUNPATH_SEARCH_PATHS = "$(inherited) @executable_path/Frameworks @loader_path/Frameworks";
				PRODUCT_BUNDLE_IDENTIFIER = com.Francis.PitchPerfectUITests;
				PRODUCT_NAME = "$(TARGET_NAME)";
				SWIFT_VERSION = 3.0;
				TEST_TARGET_NAME = PitchPerfect;
			};
			name = Release;
		};
/* End XCBuildConfiguration section */

/* Begin XCConfigurationList section */
		158A40D71E70482600C823B7 /* Build configuration list for PBXProject "PitchPerfect" */ = {
			isa = XCConfigurationList;
			buildConfigurations = (
				158A41021E70482600C823B7 /* Debug */,
				158A41031E70482600C823B7 /* Release */,
			);
			defaultConfigurationIsVisible = 0;
			defaultConfigurationName = Release;
		};
		158A41041E70482600C823B7 /* Build configuration list for PBXNativeTarget "PitchPerfect" */ = {
			isa = XCConfigurationList;
			buildConfigurations = (
				158A41051E70482600C823B7 /* Debug */,
				158A41061E70482600C823B7 /* Release */,
			);
			defaultConfigurationIsVisible = 0;
			defaultConfigurationName = Release;
		};
		158A41071E70482600C823B7 /* Build configuration list for PBXNativeTarget "PitchPerfectTests" */ = {
			isa = XCConfigurationList;
			buildConfigurations = (
				158A41081E70482600C823B7 /* Debug */,
				158A41091E70482600C823B7 /* Release */,
			);
			defaultConfigurationIsVisible = 0;
			defaultConfigurationName = Release;
		};
		158A410A1E70482600C823B7 /* Build configuration list for PBXNativeTarget "PitchPerfectUITests" */ = {
			isa = XCConfigurationList;
			buildConfigurations = (
				158A410B1E70482600C823B7 /* Debug */,
				158A410C1E70482600C823B7 /* Release */,
			);
			defaultConfigurationIsVisible = 0;
			defaultConfigurationName = Release;
		};
/* End XCConfigurationList section */
	};
	rootObject = 158A40D41E70482600C823B7 /* Project object */;
}
